
Microsoft Visual Studio Solution File, Format Version 12.00
# Visual Studio Version 17
VisualStudioVersion = 17.5.33516.290
MinimumVisualStudioVersion = 10.0.40219.1
Project("{9A19103F-16F7-4668-BE54-9A1E7A4F7556}") = "Property", "Property.csproj", "{399C01D4-1C56-4CB6-8998-DBA8083DB919}"
EndProject
Global
	GlobalSection(SolutionConfigurationPlatforms) = preSolution
		Debug|Any CPU = Debug|Any CPU
		Release|Any CPU = Release|Any CPU
	EndGlobalSection
	GlobalSection(ProjectConfigurationPlatforms) = postSolution
		{399C01D4-1C56-4CB6-8998-DBA8083DB919}.Debug|Any CPU.ActiveCfg = Debug|Any CPU
		{399C01D4-1C56-4CB6-8998-DBA8083DB919}.Debug|Any CPU.Build.0 = Debug|Any CPU
		{399C01D4-1C56-4CB6-8998-DBA8083DB919}.Release|Any CPU.ActiveCfg = Release|Any CPU
		{399C01D4-1C56-4CB6-8998-DBA8083DB919}.Release|Any CPU.Build.0 = Release|Any CPU
	EndGlobalSection
	GlobalSection(SolutionProperties) = preSolution
		HideSolutionNode = FALSE
	EndGlobalSection
	GlobalSection(ExtensibilityGlobals) = postSolution
		SolutionGuid = {8AE08D7D-64F0-451E-A3AE-199C25C47BD8}
	EndGlobalSection
EndGlobal
